Microsoft Visual Studio Solution File, Format Version 12.00
# Visual Studio 15
VisualStudioVersion = 15.0.27130.2020
MinimumVisualStudioVersion = 15.0.26124.0
Project("{2150E333-8FDC-42A3-9474-1A3956D46DE8}") = "Lib", "Lib", "{77466A0C-33E8-4215-9D7D-3AEBEF02D993}"
	ProjectSection(SolutionItems) = preProject
		LICENSE.md = LICENSE.md
		README.md = README.md
	EndProjectSection
EndProject
Project("{9A19103F-16F7-4668-BE54-9A1E7A4F7556}") = "DataSourcery.Data.Desktop", "lib\WindowsDesktop\DataSourcery.Data.Desktop.csproj", "{35874972-5883-402E-883F-69D51BA53835}"
EndProject
Project("{2150E333-8FDC-42A3-9474-1A3956D46DE8}") = "Test", "Test", "{03B1A33A-ED74-4493-824C-1E0265E50B58}"
EndProject
Project("{9A19103F-16F7-4668-BE54-9A1E7A4F7556}") = "DataSourcery.Data.Test", "Test\WindowsDesktop\DataSourcery.Data.Test.csproj", "{955C439F-FE76-4D97-931C-A8C4ED3B2F03}"
EndProject
Project("{2150E333-8FDC-42A3-9474-1A3956D46DE8}") = "WindowsDesktop", "WindowsDesktop", "{538335A4-324E-4CE4-B4F7-F03039A068F8}"
EndProject
Project("{2150E333-8FDC-42A3-9474-1A3956D46DE8}") = "WindowsDesktop", "WindowsDesktop", "{BBAB58D0-4CBD-47A7-9A79-83A48A20825B}"
EndProject
Global
	GlobalSection(SolutionConfigurationPlatforms) = preSolution
		Debug|Any CPU = Debug|Any CPU
		Debug|x64 = Debug|x64
		Debug|x86 = Debug|x86
		Release|Any CPU = Release|Any CPU
		Release|x64 = Release|x64
		Release|x86 = Release|x86
	EndGlobalSection
	GlobalSection(ProjectConfigurationPlatforms) = postSolution
		{35874972-5883-402E-883F-69D51BA53835}.Debug|Any CPU.ActiveCfg = Debug|Any CPU
		{35874972-5883-402E-883F-69D51BA53835}.Debug|Any CPU.Build.0 = Debug|Any CPU
		{35874972-5883-402E-883F-69D51BA53835}.Debug|x64.ActiveCfg = Debug|Any CPU
		{35874972-5883-402E-883F-69D51BA53835}.Debug|x64.Build.0 = Debug|Any CPU
		{35874972-5883-402E-883F-69D51BA53835}.Debug|x86.ActiveCfg = Debug|Any CPU
		{35874972-5883-402E-883F-69D51BA53835}.Debug|x86.Build.0 = Debug|Any CPU
		{35874972-5883-402E-883F-69D51BA53835}.Release|Any CPU.ActiveCfg = Release|Any CPU
		{35874972-5883-402E-883F-69D51BA53835}.Release|Any CPU.Build.0 = Release|Any CPU
		{35874972-5883-402E-883F-69D51BA53835}.Release|x64.ActiveCfg = Release|Any CPU
		{35874972-5883-402E-883F-69D51BA53835}.Release|x64.Build.0 = Release|Any CPU
		{35874972-5883-402E-883F-69D51BA53835}.Release|x86.ActiveCfg = Release|Any CPU
		{35874972-5883-402E-883F-69D51BA53835}.Release|x86.Build.0 = Release|Any CPU
		{955C439F-FE76-4D97-931C-A8C4ED3B2F03}.Debug|Any CPU.ActiveCfg = Debug|Any CPU
		{955C439F-FE76-4D97-931C-A8C4ED3B2F03}.Debug|Any CPU.Build.0 = Debug|Any CPU
		{955C439F-FE76-4D97-931C-A8C4ED3B2F03}.Debug|x64.ActiveCfg = Debug|Any CPU
		{955C439F-FE76-4D97-931C-A8C4ED3B2F03}.Debug|x64.Build.0 = Debug|Any CPU
		{955C439F-FE76-4D97-931C-A8C4ED3B2F03}.Debug|x86.ActiveCfg = Debug|Any CPU
		{955C439F-FE76-4D97-931C-A8C4ED3B2F03}.Debug|x86.Build.0 = Debug|Any CPU
		{955C439F-FE76-4D97-931C-A8C4ED3B2F03}.Release|Any CPU.ActiveCfg = Release|Any CPU
		{955C439F-FE76-4D97-931C-A8C4ED3B2F03}.Release|Any CPU.Build.0 = Release|Any CPU
		{955C439F-FE76-4D97-931C-A8C4ED3B2F03}.Release|x64.ActiveCfg = Release|Any CPU
		{955C439F-FE76-4D97-931C-A8C4ED3B2F03}.Release|x64.Build.0 = Release|Any CPU
		{955C439F-FE76-4D97-931C-A8C4ED3B2F03}.Release|x86.ActiveCfg = Release|Any CPU
		{955C439F-FE76-4D97-931C-A8C4ED3B2F03}.Release|x86.Build.0 = Release|Any CPU
	EndGlobalSection
	GlobalSection(SolutionProperties) = preSolution
		HideSolutionNode = FALSE
	EndGlobalSection
	GlobalSection(NestedProjects) = preSolution
		{35874972-5883-402E-883F-69D51BA53835} = {538335A4-324E-4CE4-B4F7-F03039A068F8}
		{955C439F-FE76-4D97-931C-A8C4ED3B2F03} = {BBAB58D0-4CBD-47A7-9A79-83A48A20825B}
		{538335A4-324E-4CE4-B4F7-F03039A068F8} = {77466A0C-33E8-4215-9D7D-3AEBEF02D993}
		{BBAB58D0-4CBD-47A7-9A79-83A48A20825B} = {03B1A33A-ED74-4493-824C-1E0265E50B58}
	EndGlobalSection
	GlobalSection(ExtensibilityGlobals) = postSolution
		SolutionGuid = {6F2863F2-319D-42B8-9A3B-A36517E4D8D4}
	EndGlobalSection
EndGlobal
